
Microsoft Visual Studio Solution File, Format Version 12.00
# Visual Studio Version 17
VisualStudioVersion = 17.9.34728.123
MinimumVisualStudioVersion = 10.0.40219.1
Project("{FAE04EC0-301F-11D3-BF4B-00C04F79EFBC}") = "PSDC-Portal", "PSDC-Portal\PSDC-Portal.csproj", "{DDAE3DBE-9784-425F-B503-77C7AB6863CA}"
EndProject
Global
	GlobalSection(SolutionConfigurationPlatforms) = preSolution
		Debug|Any CPU = Debug|Any CPU
		Release|Any CPU = Release|Any CPU
	EndGlobalSection
	GlobalSection(ProjectConfigurationPlatforms) = postSolution
		{DDAE3DBE-9784-425F-B503-77C7AB6863CA}.Debug|Any CPU.ActiveCfg = Debug|Any CPU
		{DDAE3DBE-9784-425F-B503-77C7AB6863CA}.Debug|Any CPU.Build.0 = Debug|Any CPU
		{DDAE3DBE-9784-425F-B503-77C7AB6863CA}.Release|Any CPU.ActiveCfg = Release|Any CPU
		{DDAE3DBE-9784-425F-B503-77C7AB6863CA}.Release|Any CPU.Build.0 = Release|Any CPU
	EndGlobalSection
	GlobalSection(SolutionProperties) = preSolution
		HideSolutionNode = FALSE
	EndGlobalSection
	GlobalSection(ExtensibilityGlobals) = postSolution
		SolutionGuid = {C774B839-C945-4712-AE46-01EBE835BD22}
	EndGlobalSection
EndGlobal
